// !$*UTF8*$!
{
	archiveVersion = 1;
	classes = {
	};
	objectVersion = 46;
	objects = {

/* Begin PBXBuildFile section */
		D22AD90619D52E52006184CF /* Images.xcassets in Resources */ = {isa = PBXBuildFile; fileRef = D22AD90519D52E52006184CF /* Images.xcassets */; };
		D22AD91519D52E52006184CF /* KitchenCloudTests.m in Sources */ = {isa = PBXBuildFile; fileRef = D22AD91419D52E52006184CF /* KitchenCloudTests.m */; };
/* End PBXBuildFile section */

/* Begin PBXContainerItemProxy section */
		D22AD90F19D52E52006184CF /* PBXContainerItemProxy */ = {
			isa = PBXContainerItemProxy;
			containerPortal = D22AD8E919D52D9D006184CF /* Project object */;
			proxyType = 1;
			remoteGlobalIDString = D22AD8F219D52E52006184CF;
			remoteInfo = KitchenCloud;
		};
/* End PBXContainerItemProxy section */

/* Begin PBXFileReference section */
		D22AD8F319D52E52006184CF /* KitchenCloud.app */ = {isa = PBXFileReference; explicitFileType = wrapper.application; includeInIndex = 0; path = KitchenCloud.app; sourceTree = BUILT_PRODUCTS_DIR; };
		D22AD8F719D52E52006184CF /* Info.plist */ = {isa = PBXFileReference; lastKnownFileType = text.plist.xml; path = Info.plist; sourceTree = "<group>"; };
		D22AD90519D52E52006184CF /* Images.xcassets */ = {isa = PBXFileReference; lastKnownFileType = folder.assetcatalog; path = Images.xcassets; sourceTree = "<group>"; };
		D22AD90E19D52E52006184CF /* KitchenCloudTests.xctest */ = {isa = PBXFileReference; explicitFileType = wrapper.cfbundle; includeInIndex = 0; path = KitchenCloudTests.xctest; sourceTree = BUILT_PRODUCTS_DIR; };
		D22AD91319D52E52006184CF /* Info.plist */ = {isa = PBXFileReference; lastKnownFileType = text.plist.xml; path = Info.plist; sourceTree = "<group>"; };
		D22AD91419D52E52006184CF /* KitchenCloudTests.m */ = {isa = PBXFileReference; lastKnownFileType = sourcecode.c.objc; path = KitchenCloudTests.m; sourceTree = "<group>"; };
/* End PBXFileReference section */

/* Begin PBXFrameworksBuildPhase section */
		D22AD8F019D52E52006184CF /* Frameworks */ = {
			isa = PBXFrameworksBuildPhase;
			buildActionMask = 2147483647;
			files = (
			);
			runOnlyForDeploymentPostprocessing = 0;
		};
		D22AD90B19D52E52006184CF /* Frameworks */ = {
			isa = PBXFrameworksBuildPhase;
			buildActionMask = 2147483647;
			files = (
			);
			runOnlyForDeploymentPostprocessing = 0;
		};
/* End PBXFrameworksBuildPhase section */

/* Begin PBXGroup section */
		D22AD8E819D52D9D006184CF = {
			isa = PBXGroup;
			children = (
				D22AD8F519D52E52006184CF /* KitchenCloud */,
				D22AD91119D52E52006184CF /* KitchenCloudTests */,
				D22AD8F419D52E52006184CF /* Products */,
			);
			sourceTree = "<group>";
		};
		D22AD8F419D52E52006184CF /* Products */ = {
			isa = PBXGroup;
			children = (
				D22AD8F319D52E52006184CF /* KitchenCloud.app */,
				D22AD90E19D52E52006184CF /* KitchenCloudTests.xctest */,
			);
			name = Products;
			sourceTree = "<group>";
		};
		D22AD8F519D52E52006184CF /* KitchenCloud */ = {
			isa = PBXGroup;
			children = (
				D22AD90519D52E52006184CF /* Images.xcassets */,
				D22AD8F619D52E52006184CF /* Supporting Files */,
			);
			path = KitchenCloud;
			sourceTree = "<group>";
		};
		D22AD8F619D52E52006184CF /* Supporting Files */ = {
			isa = PBXGroup;
			children = (
				D22AD8F719D52E52006184CF /* Info.plist */,
			);
			name = "Supporting Files";
			sourceTree = "<group>";
		};
		D22AD91119D52E52006184CF /* KitchenCloudTests */ = {
			isa = PBXGroup;
			children = (
				D22AD91419D52E52006184CF /* KitchenCloudTests.m */,
				D22AD91219D52E52006184CF /* Supporting Files */,
			);
			path = KitchenCloudTests;
			sourceTree = "<group>";
		};
		D22AD91219D52E52006184CF /* Supporting Files */ = {
			isa = PBXGroup;
			children = (
				D22AD91319D52E52006184CF /* Info.plist */,
			);
			name = "Supporting Files";
			sourceTree = "<group>";
		};
/* End PBXGroup section */

/* Begin PBXNativeTarget section */
		D22AD8F219D52E52006184CF /* KitchenCloud */ = {
			isa = PBXNativeTarget;
			buildConfigurationList = D22AD91619D52E52006184CF /* Build configuration list for PBXNativeTarget "KitchenCloud" */;
			buildPhases = (
				D22AD8EF19D52E52006184CF /* Sources */,
				D22AD8F019D52E52006184CF /* Frameworks */,
				D22AD8F119D52E52006184CF /* Resources */,
			);
			buildRules = (
			);
			dependencies = (
			);
			name = KitchenCloud;
			productName = KitchenCloud;
			productReference = D22AD8F319D52E52006184CF /* KitchenCloud.app */;
			productType = "com.apple.product-type.application";
		};
		D22AD90D19D52E52006184CF /* KitchenCloudTests */ = {
			isa = PBXNativeTarget;
			buildConfigurationList = D22AD91919D52E52006184CF /* Build configuration list for PBXNativeTarget "KitchenCloudTests" */;
			buildPhases = (
				D22AD90A19D52E52006184CF /* Sources */,
				D22AD90B19D52E52006184CF /* Frameworks */,
				D22AD90C19D52E52006184CF /* Resources */,
			);
			buildRules = (
			);
			dependencies = (
				D22AD91019D52E52006184CF /* PBXTargetDependency */,
			);
			name = KitchenCloudTests;
			productName = KitchenCloudTests;
			productReference = D22AD90E19D52E52006184CF /* KitchenCloudTests.xctest */;
			productType = "com.apple.product-type.bundle.unit-test";
		};
/* End PBXNativeTarget section */

/* Begin PBXProject section */
		D22AD8E919D52D9D006184CF /* Project object */ = {
			isa = PBXProject;
			attributes = {
				LastUpgradeCheck = 0600;
				TargetAttributes = {
					D22AD8F219D52E52006184CF = {
						CreatedOnToolsVersion = 6.0.1;
					};
					D22AD90D19D52E52006184CF = {
						CreatedOnToolsVersion = 6.0.1;
						TestTargetID = D22AD8F219D52E52006184CF;
					};
				};
			};
			buildConfigurationList = D22AD8EC19D52D9D006184CF /* Build configuration list for PBXProject "KitchenCloud" */;
			compatibilityVersion = "Xcode 3.2";
			developmentRegion = English;
			hasScannedForEncodings = 0;
			knownRegions = (
				en,
				Base,
			);
			mainGroup = D22AD8E819D52D9D006184CF;
			productRefGroup = D22AD8F419D52E52006184CF /* Products */;
			projectDirPath = "";
			projectRoot = "";
			targets = (
				D22AD8F219D52E52006184CF /* KitchenCloud */,
				D22AD90D19D52E52006184CF /* KitchenCloudTests */,
			);
		};
/* End PBXProject section */

/* Begin PBXResourcesBuildPhase section */
		D22AD8F119D52E52006184CF /* Resources */ = {
			isa = PBXResourcesBuildPhase;
			buildActionMask = 2147483647;
			files = (
				D22AD90619D52E52006184CF /* Images.xcassets in Resources */,
			);
			runOnlyForDeploymentPostprocessing = 0;
		};
		D22AD90C19D52E52006184CF /* Resources */ = {
			isa = PBXResourcesBuildPhase;
			buildActionMask = 2147483647;
			files = (
			);
			runOnlyForDeploymentPostprocessing = 0;
		};
/* End PBXResourcesBuildPhase section */

/* Begin PBXSourcesBuildPhase section */
		D22AD8EF19D52E52006184CF /* Sources */ = {
			isa = PBXSourcesBuildPhase;
			buildActionMask = 2147483647;
			files = (
			);
			runOnlyForDeploymentPostprocessing = 0;
		};
		D22AD90A19D52E52006184CF /* Sources */ = {
			isa = PBXSourcesBuildPhase;
			buildActionMask = 2147483647;
			files = (
				D22AD91519D52E52006184CF /* KitchenCloudTests.m in Sources */,
			);
			runOnlyForDeploymentPostprocessing = 0;
		};
/* End PBXSourcesBuildPhase section */

/* Begin PBXTargetDependency section */
		D22AD91019D52E52006184CF /* PBXTargetDependency */ = {
			isa = PBXTargetDependency;
			target = D22AD8F219D52E52006184CF /* KitchenCloud */;
			targetProxy = D22AD90F19D52E52006184CF /* PBXContainerItemProxy */;
		};
/* End PBXTargetDependency section */

/* Begin XCBuildConfiguration section */
		D22AD8ED19D52D9D006184CF /* Debug */ = {
			isa = XCBuildConfiguration;
			buildSettings = {
			};
			name = Debug;
		};
		D22AD8EE19D52D9D006184CF /* Release */ = {
			isa = XCBuildConfiguration;
			buildSettings = {
			};
			name = Release;
		};
		D22AD91719D52E52006184CF /* Debug */ = {
			isa = XCBuildConfiguration;
			buildSettings = {
				ALWAYS_SEARCH_USER_PATHS = NO;
				ASSETCATALOG_COMPILER_APPICON_NAME = AppIcon;
				CLANG_CXX_LANGUAGE_STANDARD = "gnu++0x";
				CLANG_CXX_LIBRARY = "libc++";
				CLANG_ENABLE_MODULES = YES;
				CLANG_ENABLE_OBJC_ARC = YES;
				CLANG_WARN_BOOL_CONVERSION = YES;
				CLANG_WARN_CONSTANT_CONVERSION = YES;
				CLANG_WARN_DIRECT_OBJC_ISA_USAGE = YES_ERROR;
				CLANG_WARN_EMPTY_BODY = YES;
				CLANG_WARN_ENUM_CONVERSION = YES;
				CLANG_WARN_INT_CONVERSION = YES;
				CLANG_WARN_OBJC_ROOT_CLASS = YES_ERROR;
				CLANG_WARN_UNREACHABLE_CODE = YES;
				CLANG_WARN__DUPLICATE_METHOD_MATCH = YES;
				"CODE_SIGN_IDENTITY[sdk=iphoneos*]" = "iPhone Developer";
				COPY_PHASE_STRIP = NO;
				ENABLE_STRICT_OBJC_MSGSEND = YES;
				GCC_C_LANGUAGE_STANDARD = gnu99;
				GCC_DYNAMIC_NO_PIC = NO;
				GCC_OPTIMIZATION_LEVEL = 0;
				GCC_PREPROCESSOR_DEFINITIONS = (
					"DEBUG=1",
					"$(inherited)",
				);
				GCC_SYMBOLS_PRIVATE_EXTERN = NO;
				GCC_WARN_64_TO_32_BIT_CONVERSION = YES;
				GCC_WARN_ABOUT_RETURN_TYPE = YES_ERROR;
				GCC_WARN_UNDECLARED_SELECTOR = YES;
				GCC_WARN_UNINITIALIZED_AUTOS = YES_AGGRESSIVE;
				GCC_WARN_UNUSED_FUNCTION = YES;
				GCC_WARN_UNUSED_VARIABLE = YES;
				INFOPLIST_FILE = KitchenCloud/Info.plist;
				IPHONEOS_DEPLOYMENT_TARGET = 8.0;
				LD_RUNPATH_SEARCH_PATHS = "$(inherited) @executable_path/Frameworks";
				MTL_ENABLE_DEBUG_INFO = YES;
				ONLY_ACTIVE_ARCH = YES;
				PRODUCT_NAME = "$(TARGET_NAME)";
				SDKROOT = iphoneos;
				TARGETED_DEVICE_FAMILY = "1,2";
			};
			name = Debug;
		};
		D22AD91819D52E52006184CF /* Release */ = {
			isa = XCBuildConfiguration;
			buildSettings = {
				ALWAYS_SEARCH_USER_PATHS = NO;
				ASSETCATALOG_COMPILER_APPICON_NAME = AppIcon;
				CLANG_CXX_LANGUAGE_STANDARD = "gnu++0x";
				CLANG_CXX_LIBRARY = "libc++";
				CLANG_ENABLE_MODULES = YES;
				CLANG_ENABLE_OBJC_ARC = YES;
				CLANG_WARN_BOOL_CONVERSION = YES;
				CLANG_WARN_CONSTANT_CONVERSION = YES;
				CLANG_WARN_DIRECT_OBJC_ISA_USAGE = YES_ERROR;
				CLANG_WARN_EMPTY_BODY = YES;
				CLANG_WARN_ENUM_CONVERSION = YES;
				CLANG_WARN_INT_CONVERSION = YES;
				CLANG_WARN_OBJC_ROOT_CLASS = YES_ERROR;
				CLANG_WARN_UNREACHABLE_CODE = YES;
				CLANG_WARN__DUPLICATE_METHOD_MATCH = YES;
				"CODE_SIGN_IDENTITY[sdk=iphoneos*]" = "iPhone Developer";
				COPY_PHASE_STRIP = YES;
				ENABLE_NS_ASSERTIONS = NO;
				ENABLE_STRICT_OBJC_MSGSEND = YES;
				GCC_C_LANGUAGE_STANDARD = gnu99;
				GCC_WARN_64_TO_32_BIT_CONVERSION = YES;
				GCC_WARN_ABOUT_RETURN_TYPE = YES_ERROR;
				GCC_WARN_UNDECLARED_SELECTOR = YES;
				GCC_WARN_UNINITIALIZED_AUTOS = YES_AGGRESSIVE;
				GCC_WARN_UNUSED_FUNCTION = YES;
				GCC_WARN_UNUSED_VARIABLE = YES;
				INFOPLIST_FILE = KitchenCloud/Info.plist;
				IPHONEOS_DEPLOYMENT_TARGET = 8.0;
				LD_RUNPATH_SEARCH_PATHS = "$(inherited) @executable_path/Frameworks";
				MTL_ENABLE_DEBUG_INFO = NO;
				PRODUCT_NAME = "$(TARGET_NAME)";
				SDKROOT = iphoneos;
				TARGETED_DEVICE_FAMILY = "1,2";
				VALIDATE_PRODUCT = YES;
			};
			name = Release;
		};
		D22AD91A19D52E52006184CF /* Debug */ = {
			isa = XCBuildConfiguration;
			buildSettings = {
				ALWAYS_SEARCH_USER_PATHS = NO;
				BUNDLE_LOADER = "$(TEST_HOST)";
				CLANG_CXX_LANGUAGE_STANDARD = "gnu++0x";
				CLANG_CXX_LIBRARY = "libc++";
				CLANG_ENABLE_MODULES = YES;
				CLANG_ENABLE_OBJC_ARC = YES;
				CLANG_WARN_BOOL_CONVERSION = YES;
				CLANG_WARN_CONSTANT_CONVERSION = YES;
				CLANG_WARN_DIRECT_OBJC_ISA_USAGE = YES_ERROR;
				CLANG_WARN_EMPTY_BODY = YES;
				CLANG_WARN_ENUM_CONVERSION = YES;
				CLANG_WARN_INT_CONVERSION = YES;
				CLANG_WARN_OBJC_ROOT_CLASS = YES_ERROR;
				CLANG_WARN_UNREACHABLE_CODE = YES;
				CLANG_WARN__DUPLICATE_METHOD_MATCH = YES;
				COPY_PHASE_STRIP = NO;
				ENABLE_STRICT_OBJC_MSGSEND = YES;
				FRAMEWORK_SEARCH_PATHS = (
					"$(SDKROOT)/Developer/Library/Frameworks",
					"$(inherited)",
				);
				GCC_C_LANGUAGE_STANDARD = gnu99;
				GCC_DYNAMIC_NO_PIC = NO;
				GCC_OPTIMIZATION_LEVEL = 0;
				GCC_PREPROCESSOR_DEFINITIONS = (
					"DEBUG=1",
					"$(inherited)",
				);
				GCC_SYMBOLS_PRIVATE_EXTERN = NO;
				GCC_WARN_64_TO_32_BIT_CONVERSION = YES;
				GCC_WARN_ABOUT_RETURN_TYPE = YES_ERROR;
				GCC_WARN_UNDECLARED_SELECTOR = YES;
				GCC_WARN_UNINITIALIZED_AUTOS = YES_AGGRESSIVE;
				GCC_WARN_UNUSED_FUNCTION = YES;
				GCC_WARN_UNUSED_VARIABLE = YES;
				INFOPLIST_FILE = KitchenCloudTests/Info.plist;
				IPHONEOS_DEPLOYMENT_TARGET = 8.0;
				LD_RUNPATH_SEARCH_PATHS = "$(inherited) @executable_path/Frameworks @loader_path/Frameworks";
				MTL_ENABLE_DEBUG_INFO = YES;
				ONLY_ACTIVE_ARCH = YES;
				PRODUCT_NAME = "$(TARGET_NAME)";
				SDKROOT = iphoneos;
				TEST_HOST = "$(BUILT_PRODUCTS_DIR)/KitchenCloud.app/KitchenCloud";
			};
			name = Debug;
		};
		D22AD91B19D52E52006184CF /* Release */ = {
			isa = XCBuildConfiguration;
			buildSettings = {
				ALWAYS_SEARCH_USER_PATHS = NO;
				BUNDLE_LOADER = "$(TEST_HOST)";
				CLANG_CXX_LANGUAGE_STANDARD = "gnu++0x";
				CLANG_CXX_LIBRARY = "libc++";
				CLANG_ENABLE_MODULES = YES;
				CLANG_ENABLE_OBJC_ARC = YES;
				CLANG_WARN_BOOL_CONVERSION = YES;
				CLANG_WARN_CONSTANT_CONVERSION = YES;
				CLANG_WARN_DIRECT_OBJC_ISA_USAGE = YES_ERROR;
				CLANG_WARN_EMPTY_BODY = YES;
				CLANG_WARN_ENUM_CONVERSION = YES;
				CLANG_WARN_INT_CONVERSION = YES;
				CLANG_WARN_OBJC_ROOT_CLASS = YES_ERROR;
				CLANG_WARN_UNREACHABLE_CODE = YES;
				CLANG_WARN__DUPLICATE_METHOD_MATCH = YES;
				COPY_PHASE_STRIP = YES;
				ENABLE_NS_ASSERTIONS = NO;
				ENABLE_STRICT_OBJC_MSGSEND = YES;
				FRAMEWORK_SEARCH_PATHS = (
					"$(SDKROOT)/Developer/Library/Frameworks",
					"$(inherited)",
				);
				GCC_C_LANGUAGE_STANDARD = gnu99;
				GCC_WARN_64_TO_32_BIT_CONVERSION = YES;
				GCC_WARN_ABOUT_RETURN_TYPE = YES_ERROR;
				GCC_WARN_UNDECLARED_SELECTOR = YES;
				GCC_WARN_UNINITIALIZED_AUTOS = YES_AGGRESSIVE;
				GCC_WARN_UNUSED_FUNCTION = YES;
				GCC_WARN_UNUSED_VARIABLE = YES;
				INFOPLIST_FILE = KitchenCloudTests/Info.plist;
				IPHONEOS_DEPLOYMENT_TARGET = 8.0;
				LD_RUNPATH_SEARCH_PATHS = "$(inherited) @executable_path/Frameworks @loader_path/Frameworks";
				MTL_ENABLE_DEBUG_INFO = NO;
				PRODUCT_NAME = "$(TARGET_NAME)";
				SDKROOT = iphoneos;
				TEST_HOST = "$(BUILT_PRODUCTS_DIR)/KitchenCloud.app/KitchenCloud";
				VALIDATE_PRODUCT = YES;
			};
			name = Release;
		};
/* End XCBuildConfiguration section */

/* Begin XCConfigurationList section */
		D22AD8EC19D52D9D006184CF /* Build configuration list for PBXProject "KitchenCloud" */ = {
			isa = XCConfigurationList;
			buildConfigurations = (
				D22AD8ED19D52D9D006184CF /* Debug */,
				D22AD8EE19D52D9D006184CF /* Release */,
			);
			defaultConfigurationIsVisible = 0;
			defaultConfigurationName = Release;
		};
		D22AD91619D52E52006184CF /* Build configuration list for PBXNativeTarget "KitchenCloud" */ = {
			isa = XCConfigurationList;
			buildConfigurations = (
				D22AD91719D52E52006184CF /* Debug */,
				D22AD91819D52E52006184CF /* Release */,
			);
			defaultConfigurationIsVisible = 0;
			defaultConfigurationName = Release;
		};
		D22AD91919D52E52006184CF /* Build configuration list for PBXNativeTarget "KitchenCloudTests" */ = {
			isa = XCConfigurationList;
			buildConfigurations = (
				D22AD91A19D52E52006184CF /* Debug */,
				D22AD91B19D52E52006184CF /* Release */,
			);
			defaultConfigurationIsVisible = 0;
			defaultConfigurationName = Release;
		};
/* End XCConfigurationList section */
	};
	rootObject = D22AD8E919D52D9D006184CF /* Project object */;
}
