// !$*UTF8*$!
{
	archiveVersion = 1;
	classes = {
	};
	objectVersion = 46;
	objects = {

/* Begin PBXBuildFile section */
		D2280C3219E23772004242A1 /* RecipeMainViewController.m in Sources */ = {isa = PBXBuildFile; fileRef = D2280C3119E23772004242A1 /* RecipeMainViewController.m */; };
		D2280C3519E2396F004242A1 /* RecipeDetailCollectionViewFlowLayout.m in Sources */ = {isa = PBXBuildFile; fileRef = D2280C3419E2396F004242A1 /* RecipeDetailCollectionViewFlowLayout.m */; };
		D2280C3819E23BA3004242A1 /* RecipeDetailCVDelegateDatasource.m in Sources */ = {isa = PBXBuildFile; fileRef = D2280C3719E23BA3004242A1 /* RecipeDetailCVDelegateDatasource.m */; };
		D22AD91519D52E52006184CF /* KitchenCloudTests.m in Sources */ = {isa = PBXBuildFile; fileRef = D22AD91419D52E52006184CF /* KitchenCloudTests.m */; };
		D237C0C219D738A7004FE9F0 /* RecipeListCard.m in Sources */ = {isa = PBXBuildFile; fileRef = D237C0C119D738A7004FE9F0 /* RecipeListCard.m */; };
		D237C0C719D77A9E004FE9F0 /* View.xib in Resources */ = {isa = PBXBuildFile; fileRef = D237C0C619D77A9E004FE9F0 /* View.xib */; };
		D237C0CA19D90C0F004FE9F0 /* RecipeFrontButton.m in Sources */ = {isa = PBXBuildFile; fileRef = D237C0C919D90C0F004FE9F0 /* RecipeFrontButton.m */; };
		D237C0CD19D90C35004FE9F0 /* RecipeRearButton.m in Sources */ = {isa = PBXBuildFile; fileRef = D237C0CC19D90C35004FE9F0 /* RecipeRearButton.m */; };
		D237C0D019D90C4A004FE9F0 /* CloudFlipButton.m in Sources */ = {isa = PBXBuildFile; fileRef = D237C0CF19D90C4A004FE9F0 /* CloudFlipButton.m */; };
		D237C0D319D9DFE0004FE9F0 /* IngredientCell.m in Sources */ = {isa = PBXBuildFile; fileRef = D237C0D219D9DFE0004FE9F0 /* IngredientCell.m */; };
		D237C0D719DA5512004FE9F0 /* RecipeCollectionViewController.m in Sources */ = {isa = PBXBuildFile; fileRef = D237C0D619DA5512004FE9F0 /* RecipeCollectionViewController.m */; };
		D237C0DE19DA6FA0004FE9F0 /* DynamicCollectionViewFlowLayout.m in Sources */ = {isa = PBXBuildFile; fileRef = D237C0DD19DA6FA0004FE9F0 /* DynamicCollectionViewFlowLayout.m */; };
		D252D64119DB1B4400DD22DD /* RecipeCollectionViewCell.m in Sources */ = {isa = PBXBuildFile; fileRef = D252D64019DB1B4400DD22DD /* RecipeCollectionViewCell.m */; };
		D252D64719DB1EC300DD22DD /* RecipeCVCFrontView.m in Sources */ = {isa = PBXBuildFile; fileRef = D252D64619DB1EC300DD22DD /* RecipeCVCFrontView.m */; };
		D252D64A19DB1ECE00DD22DD /* RecipeCVCRearView.m in Sources */ = {isa = PBXBuildFile; fileRef = D252D64919DB1ECE00DD22DD /* RecipeCVCRearView.m */; };
		D252D65019DB214000DD22DD /* RecipeCVCRearCollectionViewCell.m in Sources */ = {isa = PBXBuildFile; fileRef = D252D64F19DB214000DD22DD /* RecipeCVCRearCollectionViewCell.m */; };
		D252D65319DB297E00DD22DD /* RecipeCVDelegateDatasource.m in Sources */ = {isa = PBXBuildFile; fileRef = D252D65219DB297E00DD22DD /* RecipeCVDelegateDatasource.m */; };
		D252D65619DB345400DD22DD /* RecipeCVRearCVDelegateDatasource.m in Sources */ = {isa = PBXBuildFile; fileRef = D252D65519DB345400DD22DD /* RecipeCVRearCVDelegateDatasource.m */; };
		D25AFCC919D5FE3300847B2B /* LaunchScreen.xib in Resources */ = {isa = PBXBuildFile; fileRef = D25AFC9019D5FE3300847B2B /* LaunchScreen.xib */; };
		D25AFCCA19D5FE3300847B2B /* Images.xcassets in Resources */ = {isa = PBXBuildFile; fileRef = D25AFC9319D5FE3300847B2B /* Images.xcassets */; };
		D25AFCCB19D5FE3300847B2B /* Info.plist in Resources */ = {isa = PBXBuildFile; fileRef = D25AFC9419D5FE3300847B2B /* Info.plist */; };
		D25AFCCC19D5FE3300847B2B /* AppDelegate.m in Sources */ = {isa = PBXBuildFile; fileRef = D25AFC9719D5FE3300847B2B /* AppDelegate.m */; };
		D25AFCCD19D5FE3300847B2B /* Cookware.m in Sources */ = {isa = PBXBuildFile; fileRef = D25AFC9A19D5FE3300847B2B /* Cookware.m */; };
		D25AFCCE19D5FE3300847B2B /* Ingredient.m in Sources */ = {isa = PBXBuildFile; fileRef = D25AFC9C19D5FE3300847B2B /* Ingredient.m */; };
		D25AFCCF19D5FE3300847B2B /* KitchenCloud.xcdatamodeld in Sources */ = {isa = PBXBuildFile; fileRef = D25AFC9D19D5FE3300847B2B /* KitchenCloud.xcdatamodeld */; };
		D25AFCD019D5FE3300847B2B /* Recipe.m in Sources */ = {isa = PBXBuildFile; fileRef = D25AFCA119D5FE3300847B2B /* Recipe.m */; };
		D25AFCD119D5FE3300847B2B /* Step.m in Sources */ = {isa = PBXBuildFile; fileRef = D25AFCA319D5FE3300847B2B /* Step.m */; };
		D25AFCD219D5FE3300847B2B /* Tag.m in Sources */ = {isa = PBXBuildFile; fileRef = D25AFCA519D5FE3300847B2B /* Tag.m */; };
		D25AFCD319D5FE3300847B2B /* PrepTimes.m in Sources */ = {isa = PBXBuildFile; fileRef = D25AFCA719D5FE3300847B2B /* PrepTimes.m */; };
		D25AFCD419D5FE3300847B2B /* RecipeSplitViewControllerDelegate.m in Sources */ = {isa = PBXBuildFile; fileRef = D25AFCA919D5FE3300847B2B /* RecipeSplitViewControllerDelegate.m */; };
		D25AFCD519D5FE3300847B2B /* EmptyRecipeViewController.m in Sources */ = {isa = PBXBuildFile; fileRef = D25AFCAC19D5FE3300847B2B /* EmptyRecipeViewController.m */; };
		D25AFCD619D5FE3300847B2B /* IngredientDetailViewController.m in Sources */ = {isa = PBXBuildFile; fileRef = D25AFCAE19D5FE3300847B2B /* IngredientDetailViewController.m */; };
		D25AFCD719D5FE3300847B2B /* IngredientListViewController.m in Sources */ = {isa = PBXBuildFile; fileRef = D25AFCB019D5FE3300847B2B /* IngredientListViewController.m */; };
		D25AFCD819D5FE3300847B2B /* IngredientNutritionInfoViewController.m in Sources */ = {isa = PBXBuildFile; fileRef = D25AFCB219D5FE3300847B2B /* IngredientNutritionInfoViewController.m */; };
		D25AFCD919D5FE3300847B2B /* RecipeDetailViewController.m in Sources */ = {isa = PBXBuildFile; fileRef = D25AFCB419D5FE3300847B2B /* RecipeDetailViewController.m */; };
		D25AFCDA19D5FE3300847B2B /* RecipeListViewController.m in Sources */ = {isa = PBXBuildFile; fileRef = D25AFCB619D5FE3300847B2B /* RecipeListViewController.m */; };
		D25AFCDB19D5FE3300847B2B /* RecipeTextViewController.m in Sources */ = {isa = PBXBuildFile; fileRef = D25AFCB819D5FE3300847B2B /* RecipeTextViewController.m */; };
		D25AFCDC19D5FE3300847B2B /* main.m in Sources */ = {isa = PBXBuildFile; fileRef = D25AFCBB19D5FE3300847B2B /* main.m */; };
		D25AFCDD19D5FE3300847B2B /* measurements.plist in Resources */ = {isa = PBXBuildFile; fileRef = D25AFCBC19D5FE3300847B2B /* measurements.plist */; };
		D25AFCDE19D5FE3300847B2B /* recipe.plist in Resources */ = {isa = PBXBuildFile; fileRef = D25AFCBD19D5FE3300847B2B /* recipe.plist */; };
		D25AFCDF19D5FE3300847B2B /* RecipeCardTextView.m in Sources */ = {isa = PBXBuildFile; fileRef = D25AFCC019D5FE3300847B2B /* RecipeCardTextView.m */; };
		D25AFCE019D5FE3300847B2B /* RecipeDetailsTableViewHeaderView.m in Sources */ = {isa = PBXBuildFile; fileRef = D25AFCC219D5FE3300847B2B /* RecipeDetailsTableViewHeaderView.m */; };
		D25AFCE119D5FE3300847B2B /* RecipeIngredientTableViewCell.m in Sources */ = {isa = PBXBuildFile; fileRef = D25AFCC419D5FE3300847B2B /* RecipeIngredientTableViewCell.m */; };
		D25AFCE319D5FE3300847B2B /* RecipeStepTableViewCell.m in Sources */ = {isa = PBXBuildFile; fileRef = D25AFCC819D5FE3300847B2B /* RecipeStepTableViewCell.m */; };
		D25AFCE619D6009F00847B2B /* TextFieldTableViewCell.m in Sources */ = {isa = PBXBuildFile; fileRef = D25AFCE519D6009F00847B2B /* TextFieldTableViewCell.m */; };
/* End PBXBuildFile section */

/* Begin PBXContainerItemProxy section */
		D22AD90F19D52E52006184CF /* PBXContainerItemProxy */ = {
			isa = PBXContainerItemProxy;
			containerPortal = D22AD8E919D52D9D006184CF /* Project object */;
			proxyType = 1;
			remoteGlobalIDString = D22AD8F219D52E52006184CF;
			remoteInfo = KitchenCloud;
		};
/* End PBXContainerItemProxy section */

/* Begin PBXFileReference section */
		D2280C3019E23772004242A1 /* RecipeMainViewController.h */ = {isa = PBXFileReference; fileEncoding = 4; lastKnownFileType = sourcecode.c.h; path = RecipeMainViewController.h; sourceTree = "<group>"; };
		D2280C3119E23772004242A1 /* RecipeMainViewController.m */ = {isa = PBXFileReference; fileEncoding = 4; lastKnownFileType = sourcecode.c.objc; path = RecipeMainViewController.m; sourceTree = "<group>"; };
		D2280C3319E2396F004242A1 /* RecipeDetailCollectionViewFlowLayout.h */ = {isa = PBXFileReference; fileEncoding = 4; lastKnownFileType = sourcecode.c.h; path = RecipeDetailCollectionViewFlowLayout.h; sourceTree = "<group>"; };
		D2280C3419E2396F004242A1 /* RecipeDetailCollectionViewFlowLayout.m */ = {isa = PBXFileReference; fileEncoding = 4; lastKnownFileType = sourcecode.c.objc; path = RecipeDetailCollectionViewFlowLayout.m; sourceTree = "<group>"; };
		D2280C3619E23BA3004242A1 /* RecipeDetailCVDelegateDatasource.h */ = {isa = PBXFileReference; fileEncoding = 4; lastKnownFileType = sourcecode.c.h; path = RecipeDetailCVDelegateDatasource.h; sourceTree = "<group>"; };
		D2280C3719E23BA3004242A1 /* RecipeDetailCVDelegateDatasource.m */ = {isa = PBXFileReference; fileEncoding = 4; lastKnownFileType = sourcecode.c.objc; path = RecipeDetailCVDelegateDatasource.m; sourceTree = "<group>"; };
		D22AD8F319D52E52006184CF /* KitchenCloud.app */ = {isa = PBXFileReference; explicitFileType = wrapper.application; includeInIndex = 0; path = KitchenCloud.app; sourceTree = BUILT_PRODUCTS_DIR; };
		D22AD90E19D52E52006184CF /* KitchenCloudTests.xctest */ = {isa = PBXFileReference; explicitFileType = wrapper.cfbundle; includeInIndex = 0; path = KitchenCloudTests.xctest; sourceTree = BUILT_PRODUCTS_DIR; };
		D22AD91319D52E52006184CF /* Info.plist */ = {isa = PBXFileReference; lastKnownFileType = text.plist.xml; path = Info.plist; sourceTree = "<group>"; };
		D22AD91419D52E52006184CF /* KitchenCloudTests.m */ = {isa = PBXFileReference; lastKnownFileType = sourcecode.c.objc; path = KitchenCloudTests.m; sourceTree = "<group>"; };
		D237C0C019D738A7004FE9F0 /* RecipeListCard.h */ = {isa = PBXFileReference; fileEncoding = 4; lastKnownFileType = sourcecode.c.h; path = RecipeListCard.h; sourceTree = "<group>"; };
		D237C0C119D738A7004FE9F0 /* RecipeListCard.m */ = {isa = PBXFileReference; fileEncoding = 4; lastKnownFileType = sourcecode.c.objc; path = RecipeListCard.m; sourceTree = "<group>"; };
		D237C0C619D77A9E004FE9F0 /* View.xib */ = {isa = PBXFileReference; fileEncoding = 4; lastKnownFileType = file.xib; path = View.xib; sourceTree = "<group>"; };
		D237C0C819D90C0F004FE9F0 /* RecipeFrontButton.h */ = {isa = PBXFileReference; fileEncoding = 4; lastKnownFileType = sourcecode.c.h; path = RecipeFrontButton.h; sourceTree = "<group>"; };
		D237C0C919D90C0F004FE9F0 /* RecipeFrontButton.m */ = {isa = PBXFileReference; fileEncoding = 4; lastKnownFileType = sourcecode.c.objc; path = RecipeFrontButton.m; sourceTree = "<group>"; };
		D237C0CB19D90C35004FE9F0 /* RecipeRearButton.h */ = {isa = PBXFileReference; fileEncoding = 4; lastKnownFileType = sourcecode.c.h; path = RecipeRearButton.h; sourceTree = "<group>"; };
		D237C0CC19D90C35004FE9F0 /* RecipeRearButton.m */ = {isa = PBXFileReference; fileEncoding = 4; lastKnownFileType = sourcecode.c.objc; path = RecipeRearButton.m; sourceTree = "<group>"; };
		D237C0CE19D90C4A004FE9F0 /* CloudFlipButton.h */ = {isa = PBXFileReference; fileEncoding = 4; lastKnownFileType = sourcecode.c.h; path = CloudFlipButton.h; sourceTree = "<group>"; };
		D237C0CF19D90C4A004FE9F0 /* CloudFlipButton.m */ = {isa = PBXFileReference; fileEncoding = 4; lastKnownFileType = sourcecode.c.objc; path = CloudFlipButton.m; sourceTree = "<group>"; };
		D237C0D119D9DFE0004FE9F0 /* IngredientCell.h */ = {isa = PBXFileReference; fileEncoding = 4; lastKnownFileType = sourcecode.c.h; path = IngredientCell.h; sourceTree = "<group>"; };
		D237C0D219D9DFE0004FE9F0 /* IngredientCell.m */ = {isa = PBXFileReference; fileEncoding = 4; lastKnownFileType = sourcecode.c.objc; path = IngredientCell.m; sourceTree = "<group>"; };
		D237C0D519DA5512004FE9F0 /* RecipeCollectionViewController.h */ = {isa = PBXFileReference; fileEncoding = 4; lastKnownFileType = sourcecode.c.h; path = RecipeCollectionViewController.h; sourceTree = "<group>"; };
		D237C0D619DA5512004FE9F0 /* RecipeCollectionViewController.m */ = {isa = PBXFileReference; fileEncoding = 4; lastKnownFileType = sourcecode.c.objc; path = RecipeCollectionViewController.m; sourceTree = "<group>"; };
		D237C0DC19DA6FA0004FE9F0 /* DynamicCollectionViewFlowLayout.h */ = {isa = PBXFileReference; fileEncoding = 4; lastKnownFileType = sourcecode.c.h; path = DynamicCollectionViewFlowLayout.h; sourceTree = "<group>"; };
		D237C0DD19DA6FA0004FE9F0 /* DynamicCollectionViewFlowLayout.m */ = {isa = PBXFileReference; fileEncoding = 4; lastKnownFileType = sourcecode.c.objc; path = DynamicCollectionViewFlowLayout.m; sourceTree = "<group>"; };
		D252D63F19DB1B4400DD22DD /* RecipeCollectionViewCell.h */ = {isa = PBXFileReference; fileEncoding = 4; lastKnownFileType = sourcecode.c.h; name = RecipeCollectionViewCell.h; path = ../Views/RecipeCollectionViewCell.h; sourceTree = "<group>"; };
		D252D64019DB1B4400DD22DD /* RecipeCollectionViewCell.m */ = {isa = PBXFileReference; fileEncoding = 4; lastKnownFileType = sourcecode.c.objc; name = RecipeCollectionViewCell.m; path = ../Views/RecipeCollectionViewCell.m; sourceTree = "<group>"; };
		D252D64519DB1EC300DD22DD /* RecipeCVCFrontView.h */ = {isa = PBXFileReference; fileEncoding = 4; lastKnownFileType = sourcecode.c.h; path = RecipeCVCFrontView.h; sourceTree = "<group>"; };
		D252D64619DB1EC300DD22DD /* RecipeCVCFrontView.m */ = {isa = PBXFileReference; fileEncoding = 4; lastKnownFileType = sourcecode.c.objc; path = RecipeCVCFrontView.m; sourceTree = "<group>"; };
		D252D64819DB1ECE00DD22DD /* RecipeCVCRearView.h */ = {isa = PBXFileReference; fileEncoding = 4; lastKnownFileType = sourcecode.c.h; path = RecipeCVCRearView.h; sourceTree = "<group>"; };
		D252D64919DB1ECE00DD22DD /* RecipeCVCRearView.m */ = {isa = PBXFileReference; fileEncoding = 4; lastKnownFileType = sourcecode.c.objc; path = RecipeCVCRearView.m; sourceTree = "<group>"; };
		D252D64E19DB214000DD22DD /* RecipeCVCRearCollectionViewCell.h */ = {isa = PBXFileReference; fileEncoding = 4; lastKnownFileType = sourcecode.c.h; path = RecipeCVCRearCollectionViewCell.h; sourceTree = "<group>"; };
		D252D64F19DB214000DD22DD /* RecipeCVCRearCollectionViewCell.m */ = {isa = PBXFileReference; fileEncoding = 4; lastKnownFileType = sourcecode.c.objc; path = RecipeCVCRearCollectionViewCell.m; sourceTree = "<group>"; };
		D252D65119DB297E00DD22DD /* RecipeCVDelegateDatasource.h */ = {isa = PBXFileReference; fileEncoding = 4; lastKnownFileType = sourcecode.c.h; path = RecipeCVDelegateDatasource.h; sourceTree = "<group>"; };
		D252D65219DB297E00DD22DD /* RecipeCVDelegateDatasource.m */ = {isa = PBXFileReference; fileEncoding = 4; lastKnownFileType = sourcecode.c.objc; path = RecipeCVDelegateDatasource.m; sourceTree = "<group>"; };
		D252D65419DB345400DD22DD /* RecipeCVRearCVDelegateDatasource.h */ = {isa = PBXFileReference; fileEncoding = 4; lastKnownFileType = sourcecode.c.h; path = RecipeCVRearCVDelegateDatasource.h; sourceTree = "<group>"; };
		D252D65519DB345400DD22DD /* RecipeCVRearCVDelegateDatasource.m */ = {isa = PBXFileReference; fileEncoding = 4; lastKnownFileType = sourcecode.c.objc; path = RecipeCVRearCVDelegateDatasource.m; sourceTree = "<group>"; };
		D25AFC9119D5FE3300847B2B /* Base */ = {isa = PBXFileReference; lastKnownFileType = file.xib; name = Base; path = LaunchScreen.xib; sourceTree = "<group>"; };
		D25AFC9319D5FE3300847B2B /* Images.xcassets */ = {isa = PBXFileReference; lastKnownFileType = folder.assetcatalog; path = Images.xcassets; sourceTree = "<group>"; };
		D25AFC9419D5FE3300847B2B /* Info.plist */ = {isa = PBXFileReference; fileEncoding = 4; lastKnownFileType = text.plist.xml; name = Info.plist; path = ../Info.plist; sourceTree = "<group>"; };
		D25AFC9619D5FE3300847B2B /* AppDelegate.h */ = {isa = PBXFileReference; fileEncoding = 4; lastKnownFileType = sourcecode.c.h; name = AppDelegate.h; path = Models/AppDelegate.h; sourceTree = "<group>"; };
		D25AFC9719D5FE3300847B2B /* AppDelegate.m */ = {isa = PBXFileReference; fileEncoding = 4; lastKnownFileType = sourcecode.c.objc; name = AppDelegate.m; path = Models/AppDelegate.m; sourceTree = "<group>"; };
		D25AFC9919D5FE3300847B2B /* Cookware.h */ = {isa = PBXFileReference; fileEncoding = 4; lastKnownFileType = sourcecode.c.h; path = Cookware.h; sourceTree = "<group>"; };
		D25AFC9A19D5FE3300847B2B /* Cookware.m */ = {isa = PBXFileReference; fileEncoding = 4; lastKnownFileType = sourcecode.c.objc; path = Cookware.m; sourceTree = "<group>"; };
		D25AFC9B19D5FE3300847B2B /* Ingredient.h */ = {isa = PBXFileReference; fileEncoding = 4; lastKnownFileType = sourcecode.c.h; path = Ingredient.h; sourceTree = "<group>"; };
		D25AFC9C19D5FE3300847B2B /* Ingredient.m */ = {isa = PBXFileReference; fileEncoding = 4; lastKnownFileType = sourcecode.c.objc; path = Ingredient.m; sourceTree = "<group>"; };
		D25AFC9E19D5FE3300847B2B /* RecipePro.xcdatamodel */ = {isa = PBXFileReference; lastKnownFileType = wrapper.xcdatamodel; path = RecipePro.xcdatamodel; sourceTree = "<group>"; };
		D25AFC9F19D5FE3300847B2B /* Models.h */ = {isa = PBXFileReference; fileEncoding = 4; lastKnownFileType = sourcecode.c.h; path = Models.h; sourceTree = "<group>"; };
		D25AFCA019D5FE3300847B2B /* Recipe.h */ = {isa = PBXFileReference; fileEncoding = 4; lastKnownFileType = sourcecode.c.h; path = Recipe.h; sourceTree = "<group>"; };
		D25AFCA119D5FE3300847B2B /* Recipe.m */ = {isa = PBXFileReference; fileEncoding = 4; lastKnownFileType = sourcecode.c.objc; path = Recipe.m; sourceTree = "<group>"; };
		D25AFCA219D5FE3300847B2B /* Step.h */ = {isa = PBXFileReference; fileEncoding = 4; lastKnownFileType = sourcecode.c.h; path = Step.h; sourceTree = "<group>"; };
		D25AFCA319D5FE3300847B2B /* Step.m */ = {isa = PBXFileReference; fileEncoding = 4; lastKnownFileType = sourcecode.c.objc; path = Step.m; sourceTree = "<group>"; };
		D25AFCA419D5FE3300847B2B /* Tag.h */ = {isa = PBXFileReference; fileEncoding = 4; lastKnownFileType = sourcecode.c.h; path = Tag.h; sourceTree = "<group>"; };
		D25AFCA519D5FE3300847B2B /* Tag.m */ = {isa = PBXFileReference; fileEncoding = 4; lastKnownFileType = sourcecode.c.objc; path = Tag.m; sourceTree = "<group>"; };
		D25AFCA619D5FE3300847B2B /* PrepTimes.h */ = {isa = PBXFileReference; fileEncoding = 4; lastKnownFileType = sourcecode.c.h; path = PrepTimes.h; sourceTree = "<group>"; };
		D25AFCA719D5FE3300847B2B /* PrepTimes.m */ = {isa = PBXFileReference; fileEncoding = 4; lastKnownFileType = sourcecode.c.objc; path = PrepTimes.m; sourceTree = "<group>"; };
		D25AFCA819D5FE3300847B2B /* RecipeSplitViewControllerDelegate.h */ = {isa = PBXFileReference; fileEncoding = 4; lastKnownFileType = sourcecode.c.h; path = RecipeSplitViewControllerDelegate.h; sourceTree = "<group>"; };
		D25AFCA919D5FE3300847B2B /* RecipeSplitViewControllerDelegate.m */ = {isa = PBXFileReference; fileEncoding = 4; lastKnownFileType = sourcecode.c.objc; path = RecipeSplitViewControllerDelegate.m; sourceTree = "<group>"; };
		D25AFCAB19D5FE3300847B2B /* EmptyRecipeViewController.h */ = {isa = PBXFileReference; fileEncoding = 4; lastKnownFileType = sourcecode.c.h; path = EmptyRecipeViewController.h; sourceTree = "<group>"; };
		D25AFCAC19D5FE3300847B2B /* EmptyRecipeViewController.m */ = {isa = PBXFileReference; fileEncoding = 4; lastKnownFileType = sourcecode.c.objc; path = EmptyRecipeViewController.m; sourceTree = "<group>"; };
		D25AFCAD19D5FE3300847B2B /* IngredientDetailViewController.h */ = {isa = PBXFileReference; fileEncoding = 4; lastKnownFileType = sourcecode.c.h; path = IngredientDetailViewController.h; sourceTree = "<group>"; };
		D25AFCAE19D5FE3300847B2B /* IngredientDetailViewController.m */ = {isa = PBXFileReference; fileEncoding = 4; lastKnownFileType = sourcecode.c.objc; path = IngredientDetailViewController.m; sourceTree = "<group>"; };
		D25AFCAF19D5FE3300847B2B /* IngredientListViewController.h */ = {isa = PBXFileReference; fileEncoding = 4; lastKnownFileType = sourcecode.c.h; path = IngredientListViewController.h; sourceTree = "<group>"; };
		D25AFCB019D5FE3300847B2B /* IngredientListViewController.m */ = {isa = PBXFileReference; fileEncoding = 4; lastKnownFileType = sourcecode.c.objc; path = IngredientListViewController.m; sourceTree = "<group>"; };
		D25AFCB119D5FE3300847B2B /* IngredientNutritionInfoViewController.h */ = {isa = PBXFileReference; fileEncoding = 4; lastKnownFileType = sourcecode.c.h; path = IngredientNutritionInfoViewController.h; sourceTree = "<group>"; };
		D25AFCB219D5FE3300847B2B /* IngredientNutritionInfoViewController.m */ = {isa = PBXFileReference; fileEncoding = 4; lastKnownFileType = sourcecode.c.objc; path = IngredientNutritionInfoViewController.m; sourceTree = "<group>"; };
		D25AFCB319D5FE3300847B2B /* RecipeDetailViewController.h */ = {isa = PBXFileReference; fileEncoding = 4; lastKnownFileType = sourcecode.c.h; path = RecipeDetailViewController.h; sourceTree = "<group>"; };
		D25AFCB419D5FE3300847B2B /* RecipeDetailViewController.m */ = {isa = PBXFileReference; fileEncoding = 4; lastKnownFileType = sourcecode.c.objc; path = RecipeDetailViewController.m; sourceTree = "<group>"; };
		D25AFCB519D5FE3300847B2B /* RecipeListViewController.h */ = {isa = PBXFileReference; fileEncoding = 4; lastKnownFileType = sourcecode.c.h; path = RecipeListViewController.h; sourceTree = "<group>"; };
		D25AFCB619D5FE3300847B2B /* RecipeListViewController.m */ = {isa = PBXFileReference; fileEncoding = 4; lastKnownFileType = sourcecode.c.objc; path = RecipeListViewController.m; sourceTree = "<group>"; };
		D25AFCB719D5FE3300847B2B /* RecipeTextViewController.h */ = {isa = PBXFileReference; fileEncoding = 4; lastKnownFileType = sourcecode.c.h; path = RecipeTextViewController.h; sourceTree = "<group>"; };
		D25AFCB819D5FE3300847B2B /* RecipeTextViewController.m */ = {isa = PBXFileReference; fileEncoding = 4; lastKnownFileType = sourcecode.c.objc; path = RecipeTextViewController.m; sourceTree = "<group>"; };
		D25AFCB919D5FE3300847B2B /* RecipeViewController.h */ = {isa = PBXFileReference; fileEncoding = 4; lastKnownFileType = sourcecode.c.h; path = RecipeViewController.h; sourceTree = "<group>"; };
		D25AFCBB19D5FE3300847B2B /* main.m */ = {isa = PBXFileReference; fileEncoding = 4; lastKnownFileType = sourcecode.c.objc; path = main.m; sourceTree = "<group>"; };
		D25AFCBC19D5FE3300847B2B /* measurements.plist */ = {isa = PBXFileReference; fileEncoding = 4; lastKnownFileType = text.plist.xml; path = measurements.plist; sourceTree = "<group>"; };
		D25AFCBD19D5FE3300847B2B /* recipe.plist */ = {isa = PBXFileReference; fileEncoding = 4; lastKnownFileType = text.plist.xml; path = recipe.plist; sourceTree = "<group>"; };
		D25AFCBF19D5FE3300847B2B /* RecipeCardTextView.h */ = {isa = PBXFileReference; fileEncoding = 4; lastKnownFileType = sourcecode.c.h; path = RecipeCardTextView.h; sourceTree = "<group>"; };
		D25AFCC019D5FE3300847B2B /* RecipeCardTextView.m */ = {isa = PBXFileReference; fileEncoding = 4; lastKnownFileType = sourcecode.c.objc; path = RecipeCardTextView.m; sourceTree = "<group>"; };
		D25AFCC119D5FE3300847B2B /* RecipeDetailsTableViewHeaderView.h */ = {isa = PBXFileReference; fileEncoding = 4; lastKnownFileType = sourcecode.c.h; path = RecipeDetailsTableViewHeaderView.h; sourceTree = "<group>"; };
		D25AFCC219D5FE3300847B2B /* RecipeDetailsTableViewHeaderView.m */ = {isa = PBXFileReference; fileEncoding = 4; lastKnownFileType = sourcecode.c.objc; path = RecipeDetailsTableViewHeaderView.m; sourceTree = "<group>"; };
		D25AFCC319D5FE3300847B2B /* RecipeIngredientTableViewCell.h */ = {isa = PBXFileReference; fileEncoding = 4; lastKnownFileType = sourcecode.c.h; path = RecipeIngredientTableViewCell.h; sourceTree = "<group>"; };
		D25AFCC419D5FE3300847B2B /* RecipeIngredientTableViewCell.m */ = {isa = PBXFileReference; fileEncoding = 4; lastKnownFileType = sourcecode.c.objc; path = RecipeIngredientTableViewCell.m; sourceTree = "<group>"; };
		D25AFCC719D5FE3300847B2B /* RecipeStepTableViewCell.h */ = {isa = PBXFileReference; fileEncoding = 4; lastKnownFileType = sourcecode.c.h; path = RecipeStepTableViewCell.h; sourceTree = "<group>"; };
		D25AFCC819D5FE3300847B2B /* RecipeStepTableViewCell.m */ = {isa = PBXFileReference; fileEncoding = 4; lastKnownFileType = sourcecode.c.objc; path = RecipeStepTableViewCell.m; sourceTree = "<group>"; };
		D25AFCE419D6009F00847B2B /* TextFieldTableViewCell.h */ = {isa = PBXFileReference; fileEncoding = 4; lastKnownFileType = sourcecode.c.h; path = TextFieldTableViewCell.h; sourceTree = "<group>"; };
		D25AFCE519D6009F00847B2B /* TextFieldTableViewCell.m */ = {isa = PBXFileReference; fileEncoding = 4; lastKnownFileType = sourcecode.c.objc; path = TextFieldTableViewCell.m; sourceTree = "<group>"; };
/* End PBXFileReference section */

/* Begin PBXFrameworksBuildPhase section */
		D22AD8F019D52E52006184CF /* Frameworks */ = {
			isa = PBXFrameworksBuildPhase;
			buildActionMask = 2147483647;
			files = (
			);
			runOnlyForDeploymentPostprocessing = 0;
		};
		D22AD90B19D52E52006184CF /* Frameworks */ = {
			isa = PBXFrameworksBuildPhase;
			buildActionMask = 2147483647;
			files = (
			);
			runOnlyForDeploymentPostprocessing = 0;
		};
/* End PBXFrameworksBuildPhase section */

/* Begin PBXGroup section */
		D22AD8E819D52D9D006184CF = {
			isa = PBXGroup;
			children = (
				D22AD8F519D52E52006184CF /* KitchenCloud */,
				D22AD91119D52E52006184CF /* KitchenCloudTests */,
				D22AD8F419D52E52006184CF /* Products */,
			);
			sourceTree = "<group>";
		};
		D22AD8F419D52E52006184CF /* Products */ = {
			isa = PBXGroup;
			children = (
				D22AD8F319D52E52006184CF /* KitchenCloud.app */,
				D22AD90E19D52E52006184CF /* KitchenCloudTests.xctest */,
			);
			name = Products;
			sourceTree = "<group>";
		};
		D22AD8F519D52E52006184CF /* KitchenCloud */ = {
			isa = PBXGroup;
			children = (
				D25AFC9619D5FE3300847B2B /* AppDelegate.h */,
				D25AFC9719D5FE3300847B2B /* AppDelegate.m */,
				D25AFC9519D5FE3300847B2B /* Models */,
				D25AFCBE19D5FE3300847B2B /* Views */,
				D25AFCAA19D5FE3300847B2B /* Responders */,
				D25AFC9219D5FE3300847B2B /* Controls */,
				D25AFC9319D5FE3300847B2B /* Images.xcassets */,
				D25AFCBA19D5FE3300847B2B /* Supporting Files */,
				D25AFC8F19D5FE3300847B2B /* Base.lproj */,
			);
			path = KitchenCloud;
			sourceTree = "<group>";
		};
		D22AD91119D52E52006184CF /* KitchenCloudTests */ = {
			isa = PBXGroup;
			children = (
				D22AD91419D52E52006184CF /* KitchenCloudTests.m */,
				D22AD91219D52E52006184CF /* Supporting Files */,
			);
			path = KitchenCloudTests;
			sourceTree = "<group>";
		};
		D22AD91219D52E52006184CF /* Supporting Files */ = {
			isa = PBXGroup;
			children = (
				D22AD91319D52E52006184CF /* Info.plist */,
			);
			name = "Supporting Files";
			sourceTree = "<group>";
		};
		D237C0C319D75C74004FE9F0 /* Cells */ = {
			isa = PBXGroup;
			children = (
				D25AFCE419D6009F00847B2B /* TextFieldTableViewCell.h */,
				D25AFCE519D6009F00847B2B /* TextFieldTableViewCell.m */,
				D25AFCBF19D5FE3300847B2B /* RecipeCardTextView.h */,
				D25AFCC019D5FE3300847B2B /* RecipeCardTextView.m */,
				D25AFCC119D5FE3300847B2B /* RecipeDetailsTableViewHeaderView.h */,
				D25AFCC219D5FE3300847B2B /* RecipeDetailsTableViewHeaderView.m */,
				D25AFCC319D5FE3300847B2B /* RecipeIngredientTableViewCell.h */,
				D25AFCC419D5FE3300847B2B /* RecipeIngredientTableViewCell.m */,
				D25AFCC719D5FE3300847B2B /* RecipeStepTableViewCell.h */,
				D25AFCC819D5FE3300847B2B /* RecipeStepTableViewCell.m */,
				D237C0C619D77A9E004FE9F0 /* View.xib */,
			);
			name = Cells;
			sourceTree = "<group>";
		};
		D237C0D419D9DFEB004FE9F0 /* Buttons */ = {
			isa = PBXGroup;
			children = (
				D237C0C819D90C0F004FE9F0 /* RecipeFrontButton.h */,
				D237C0C919D90C0F004FE9F0 /* RecipeFrontButton.m */,
				D237C0CB19D90C35004FE9F0 /* RecipeRearButton.h */,
				D237C0CC19D90C35004FE9F0 /* RecipeRearButton.m */,
				D237C0CE19D90C4A004FE9F0 /* CloudFlipButton.h */,
				D237C0CF19D90C4A004FE9F0 /* CloudFlipButton.m */,
			);
			name = Buttons;
			sourceTree = "<group>";
		};
		D237C0D819DA552E004FE9F0 /* Old VCs */ = {
			isa = PBXGroup;
			children = (
				D25AFCAB19D5FE3300847B2B /* EmptyRecipeViewController.h */,
				D25AFCAC19D5FE3300847B2B /* EmptyRecipeViewController.m */,
				D25AFCAD19D5FE3300847B2B /* IngredientDetailViewController.h */,
				D25AFCAE19D5FE3300847B2B /* IngredientDetailViewController.m */,
				D25AFCAF19D5FE3300847B2B /* IngredientListViewController.h */,
				D25AFCB019D5FE3300847B2B /* IngredientListViewController.m */,
				D25AFCB119D5FE3300847B2B /* IngredientNutritionInfoViewController.h */,
				D25AFCB219D5FE3300847B2B /* IngredientNutritionInfoViewController.m */,
				D25AFCB319D5FE3300847B2B /* RecipeDetailViewController.h */,
				D25AFCB419D5FE3300847B2B /* RecipeDetailViewController.m */,
				D25AFCB519D5FE3300847B2B /* RecipeListViewController.h */,
				D25AFCB619D5FE3300847B2B /* RecipeListViewController.m */,
				D25AFCB719D5FE3300847B2B /* RecipeTextViewController.h */,
				D25AFCB819D5FE3300847B2B /* RecipeTextViewController.m */,
				D25AFCB919D5FE3300847B2B /* RecipeViewController.h */,
			);
			name = "Old VCs";
			sourceTree = "<group>";
		};
		D252D65819DB377100DD22DD /* Cells */ = {
			isa = PBXGroup;
			children = (
				D252D63F19DB1B4400DD22DD /* RecipeCollectionViewCell.h */,
				D252D64019DB1B4400DD22DD /* RecipeCollectionViewCell.m */,
				D252D64E19DB214000DD22DD /* RecipeCVCRearCollectionViewCell.h */,
				D252D64F19DB214000DD22DD /* RecipeCVCRearCollectionViewCell.m */,
			);
			name = Cells;
			sourceTree = "<group>";
		};
		D252D65919DB377B00DD22DD /* Delegates */ = {
			isa = PBXGroup;
			children = (
				D2280C3619E23BA3004242A1 /* RecipeDetailCVDelegateDatasource.h */,
				D2280C3719E23BA3004242A1 /* RecipeDetailCVDelegateDatasource.m */,
				D252D65119DB297E00DD22DD /* RecipeCVDelegateDatasource.h */,
				D252D65219DB297E00DD22DD /* RecipeCVDelegateDatasource.m */,
				D252D65419DB345400DD22DD /* RecipeCVRearCVDelegateDatasource.h */,
				D252D65519DB345400DD22DD /* RecipeCVRearCVDelegateDatasource.m */,
			);
			name = Delegates;
			sourceTree = "<group>";
		};
		D252D65A19DB378D00DD22DD /* Views */ = {
			isa = PBXGroup;
			children = (
				D252D64519DB1EC300DD22DD /* RecipeCVCFrontView.h */,
				D252D64619DB1EC300DD22DD /* RecipeCVCFrontView.m */,
				D252D64819DB1ECE00DD22DD /* RecipeCVCRearView.h */,
				D252D64919DB1ECE00DD22DD /* RecipeCVCRearView.m */,
			);
			name = Views;
			sourceTree = "<group>";
		};
		D25AFC8F19D5FE3300847B2B /* Base.lproj */ = {
			isa = PBXGroup;
			children = (
				D25AFC9019D5FE3300847B2B /* LaunchScreen.xib */,
			);
			path = Base.lproj;
			sourceTree = "<group>";
		};
		D25AFC9219D5FE3300847B2B /* Controls */ = {
			isa = PBXGroup;
			children = (
			);
			path = Controls;
			sourceTree = "<group>";
		};
		D25AFC9519D5FE3300847B2B /* Models */ = {
			isa = PBXGroup;
			children = (
				D25AFC9819D5FE3300847B2B /* CoreData */,
				D25AFCA619D5FE3300847B2B /* PrepTimes.h */,
				D25AFCA719D5FE3300847B2B /* PrepTimes.m */,
				D25AFCA819D5FE3300847B2B /* RecipeSplitViewControllerDelegate.h */,
				D25AFCA919D5FE3300847B2B /* RecipeSplitViewControllerDelegate.m */,
			);
			path = Models;
			sourceTree = "<group>";
		};
		D25AFC9819D5FE3300847B2B /* CoreData */ = {
			isa = PBXGroup;
			children = (
				D25AFC9919D5FE3300847B2B /* Cookware.h */,
				D25AFC9A19D5FE3300847B2B /* Cookware.m */,
				D25AFC9B19D5FE3300847B2B /* Ingredient.h */,
				D25AFC9C19D5FE3300847B2B /* Ingredient.m */,
				D25AFC9D19D5FE3300847B2B /* KitchenCloud.xcdatamodeld */,
				D25AFC9F19D5FE3300847B2B /* Models.h */,
				D25AFCA019D5FE3300847B2B /* Recipe.h */,
				D25AFCA119D5FE3300847B2B /* Recipe.m */,
				D25AFCA219D5FE3300847B2B /* Step.h */,
				D25AFCA319D5FE3300847B2B /* Step.m */,
				D25AFCA419D5FE3300847B2B /* Tag.h */,
				D25AFCA519D5FE3300847B2B /* Tag.m */,
			);
			path = CoreData;
			sourceTree = "<group>";
		};
		D25AFCAA19D5FE3300847B2B /* Responders */ = {
			isa = PBXGroup;
			children = (
				D2280C3319E2396F004242A1 /* RecipeDetailCollectionViewFlowLayout.h */,
				D2280C3419E2396F004242A1 /* RecipeDetailCollectionViewFlowLayout.m */,
				D2280C3019E23772004242A1 /* RecipeMainViewController.h */,
				D2280C3119E23772004242A1 /* RecipeMainViewController.m */,
				D237C0D819DA552E004FE9F0 /* Old VCs */,
				D237C0DC19DA6FA0004FE9F0 /* DynamicCollectionViewFlowLayout.h */,
				D237C0DD19DA6FA0004FE9F0 /* DynamicCollectionViewFlowLayout.m */,
				D237C0D519DA5512004FE9F0 /* RecipeCollectionViewController.h */,
				D237C0D619DA5512004FE9F0 /* RecipeCollectionViewController.m */,
				D252D65919DB377B00DD22DD /* Delegates */,
				D252D65819DB377100DD22DD /* Cells */,
				D252D65A19DB378D00DD22DD /* Views */,
			);
			path = Responders;
			sourceTree = "<group>";
		};
		D25AFCBA19D5FE3300847B2B /* Supporting Files */ = {
			isa = PBXGroup;
			children = (
				D25AFC9419D5FE3300847B2B /* Info.plist */,
				D25AFCBB19D5FE3300847B2B /* main.m */,
				D25AFCBC19D5FE3300847B2B /* measurements.plist */,
				D25AFCBD19D5FE3300847B2B /* recipe.plist */,
			);
			path = "Supporting Files";
			sourceTree = "<group>";
		};
		D25AFCBE19D5FE3300847B2B /* Views */ = {
			isa = PBXGroup;
			children = (
				D237C0C019D738A7004FE9F0 /* RecipeListCard.h */,
				D237C0C119D738A7004FE9F0 /* RecipeListCard.m */,
				D237C0D119D9DFE0004FE9F0 /* IngredientCell.h */,
				D237C0D219D9DFE0004FE9F0 /* IngredientCell.m */,
				D237C0C319D75C74004FE9F0 /* Cells */,
				D237C0D419D9DFEB004FE9F0 /* Buttons */,
			);
			path = Views;
			sourceTree = "<group>";
		};
/* End PBXGroup section */

/* Begin PBXNativeTarget section */
		D22AD8F219D52E52006184CF /* KitchenCloud */ = {
			isa = PBXNativeTarget;
			buildConfigurationList = D22AD91619D52E52006184CF /* Build configuration list for PBXNativeTarget "KitchenCloud" */;
			buildPhases = (
				D22AD8EF19D52E52006184CF /* Sources */,
				D22AD8F019D52E52006184CF /* Frameworks */,
				D22AD8F119D52E52006184CF /* Resources */,
			);
			buildRules = (
			);
			dependencies = (
			);
			name = KitchenCloud;
			productName = KitchenCloud;
			productReference = D22AD8F319D52E52006184CF /* KitchenCloud.app */;
			productType = "com.apple.product-type.application";
		};
		D22AD90D19D52E52006184CF /* KitchenCloudTests */ = {
			isa = PBXNativeTarget;
			buildConfigurationList = D22AD91919D52E52006184CF /* Build configuration list for PBXNativeTarget "KitchenCloudTests" */;
			buildPhases = (
				D22AD90A19D52E52006184CF /* Sources */,
				D22AD90B19D52E52006184CF /* Frameworks */,
				D22AD90C19D52E52006184CF /* Resources */,
			);
			buildRules = (
			);
			dependencies = (
				D22AD91019D52E52006184CF /* PBXTargetDependency */,
			);
			name = KitchenCloudTests;
			productName = KitchenCloudTests;
			productReference = D22AD90E19D52E52006184CF /* KitchenCloudTests.xctest */;
			productType = "com.apple.product-type.bundle.unit-test";
		};
/* End PBXNativeTarget section */

/* Begin PBXProject section */
		D22AD8E919D52D9D006184CF /* Project object */ = {
			isa = PBXProject;
			attributes = {
				LastUpgradeCheck = 0600;
				TargetAttributes = {
					D22AD8F219D52E52006184CF = {
						CreatedOnToolsVersion = 6.0.1;
						DevelopmentTeam = 9E9LH2J6FZ;
					};
					D22AD90D19D52E52006184CF = {
						CreatedOnToolsVersion = 6.0.1;
						DevelopmentTeam = 9E9LH2J6FZ;
						TestTargetID = D22AD8F219D52E52006184CF;
					};
				};
			};
			buildConfigurationList = D22AD8EC19D52D9D006184CF /* Build configuration list for PBXProject "KitchenCloud" */;
			compatibilityVersion = "Xcode 3.2";
			developmentRegion = English;
			hasScannedForEncodings = 0;
			knownRegions = (
				en,
				Base,
			);
			mainGroup = D22AD8E819D52D9D006184CF;
			productRefGroup = D22AD8F419D52E52006184CF /* Products */;
			projectDirPath = "";
			projectRoot = "";
			targets = (
				D22AD8F219D52E52006184CF /* KitchenCloud */,
				D22AD90D19D52E52006184CF /* KitchenCloudTests */,
			);
		};
/* End PBXProject section */

/* Begin PBXResourcesBuildPhase section */
		D22AD8F119D52E52006184CF /* Resources */ = {
			isa = PBXResourcesBuildPhase;
			buildActionMask = 2147483647;
			files = (
				D25AFCDE19D5FE3300847B2B /* recipe.plist in Resources */,
				D25AFCC919D5FE3300847B2B /* LaunchScreen.xib in Resources */,
				D25AFCDD19D5FE3300847B2B /* measurements.plist in Resources */,
				D25AFCCA19D5FE3300847B2B /* Images.xcassets in Resources */,
				D237C0C719D77A9E004FE9F0 /* View.xib in Resources */,
				D25AFCCB19D5FE3300847B2B /* Info.plist in Resources */,
			);
			runOnlyForDeploymentPostprocessing = 0;
		};
		D22AD90C19D52E52006184CF /* Resources */ = {
			isa = PBXResourcesBuildPhase;
			buildActionMask = 2147483647;
			files = (
			);
			runOnlyForDeploymentPostprocessing = 0;
		};
/* End PBXResourcesBuildPhase section */

/* Begin PBXSourcesBuildPhase section */
		D22AD8EF19D52E52006184CF /* Sources */ = {
			isa = PBXSourcesBuildPhase;
			buildActionMask = 2147483647;
			files = (
				D25AFCCD19D5FE3300847B2B /* Cookware.m in Sources */,
				D237C0DE19DA6FA0004FE9F0 /* DynamicCollectionViewFlowLayout.m in Sources */,
				D252D65619DB345400DD22DD /* RecipeCVRearCVDelegateDatasource.m in Sources */,
				D25AFCDB19D5FE3300847B2B /* RecipeTextViewController.m in Sources */,
				D25AFCD419D5FE3300847B2B /* RecipeSplitViewControllerDelegate.m in Sources */,
				D252D65319DB297E00DD22DD /* RecipeCVDelegateDatasource.m in Sources */,
				D237C0C219D738A7004FE9F0 /* RecipeListCard.m in Sources */,
				D25AFCDF19D5FE3300847B2B /* RecipeCardTextView.m in Sources */,
				D25AFCD119D5FE3300847B2B /* Step.m in Sources */,
				D2280C3219E23772004242A1 /* RecipeMainViewController.m in Sources */,
				D252D64A19DB1ECE00DD22DD /* RecipeCVCRearView.m in Sources */,
				D237C0D019D90C4A004FE9F0 /* CloudFlipButton.m in Sources */,
				D25AFCD019D5FE3300847B2B /* Recipe.m in Sources */,
				D237C0D719DA5512004FE9F0 /* RecipeCollectionViewController.m in Sources */,
				D25AFCE119D5FE3300847B2B /* RecipeIngredientTableViewCell.m in Sources */,
				D237C0CD19D90C35004FE9F0 /* RecipeRearButton.m in Sources */,
				D2280C3519E2396F004242A1 /* RecipeDetailCollectionViewFlowLayout.m in Sources */,
				D252D64719DB1EC300DD22DD /* RecipeCVCFrontView.m in Sources */,
				D252D65019DB214000DD22DD /* RecipeCVCRearCollectionViewCell.m in Sources */,
				D25AFCD219D5FE3300847B2B /* Tag.m in Sources */,
				D25AFCD919D5FE3300847B2B /* RecipeDetailViewController.m in Sources */,
				D25AFCCE19D5FE3300847B2B /* Ingredient.m in Sources */,
				D237C0CA19D90C0F004FE9F0 /* RecipeFrontButton.m in Sources */,
				D237C0D319D9DFE0004FE9F0 /* IngredientCell.m in Sources */,
				D25AFCE319D5FE3300847B2B /* RecipeStepTableViewCell.m in Sources */,
				D2280C3819E23BA3004242A1 /* RecipeDetailCVDelegateDatasource.m in Sources */,
				D25AFCD819D5FE3300847B2B /* IngredientNutritionInfoViewController.m in Sources */,
				D25AFCE019D5FE3300847B2B /* RecipeDetailsTableViewHeaderView.m in Sources */,
				D25AFCD619D5FE3300847B2B /* IngredientDetailViewController.m in Sources */,
				D25AFCCF19D5FE3300847B2B /* KitchenCloud.xcdatamodeld in Sources */,
				D25AFCCC19D5FE3300847B2B /* AppDelegate.m in Sources */,
				D25AFCDC19D5FE3300847B2B /* main.m in Sources */,
				D25AFCDA19D5FE3300847B2B /* RecipeListViewController.m in Sources */,
				D25AFCD719D5FE3300847B2B /* IngredientListViewController.m in Sources */,
				D252D64119DB1B4400DD22DD /* RecipeCollectionViewCell.m in Sources */,
				D25AFCE619D6009F00847B2B /* TextFieldTableViewCell.m in Sources */,
				D25AFCD519D5FE3300847B2B /* EmptyRecipeViewController.m in Sources */,
				D25AFCD319D5FE3300847B2B /* PrepTimes.m in Sources */,
			);
			runOnlyForDeploymentPostprocessing = 0;
		};
		D22AD90A19D52E52006184CF /* Sources */ = {
			isa = PBXSourcesBuildPhase;
			buildActionMask = 2147483647;
			files = (
				D22AD91519D52E52006184CF /* KitchenCloudTests.m in Sources */,
			);
			runOnlyForDeploymentPostprocessing = 0;
		};
/* End PBXSourcesBuildPhase section */

/* Begin PBXTargetDependency section */
		D22AD91019D52E52006184CF /* PBXTargetDependency */ = {
			isa = PBXTargetDependency;
			target = D22AD8F219D52E52006184CF /* KitchenCloud */;
			targetProxy = D22AD90F19D52E52006184CF /* PBXContainerItemProxy */;
		};
/* End PBXTargetDependency section */

/* Begin PBXVariantGroup section */
		D25AFC9019D5FE3300847B2B /* LaunchScreen.xib */ = {
			isa = PBXVariantGroup;
			children = (
				D25AFC9119D5FE3300847B2B /* Base */,
			);
			name = LaunchScreen.xib;
			sourceTree = "<group>";
		};
/* End PBXVariantGroup section */

/* Begin XCBuildConfiguration section */
		D22AD8ED19D52D9D006184CF /* Debug */ = {
			isa = XCBuildConfiguration;
			buildSettings = {
			};
			name = Debug;
		};
		D22AD8EE19D52D9D006184CF /* Release */ = {
			isa = XCBuildConfiguration;
			buildSettings = {
			};
			name = Release;
		};
		D22AD91719D52E52006184CF /* Debug */ = {
			isa = XCBuildConfiguration;
			buildSettings = {
				ALWAYS_SEARCH_USER_PATHS = NO;
				ASSETCATALOG_COMPILER_APPICON_NAME = AppIcon;
				CLANG_CXX_LANGUAGE_STANDARD = "gnu++0x";
				CLANG_CXX_LIBRARY = "libc++";
				CLANG_ENABLE_MODULES = YES;
				CLANG_ENABLE_OBJC_ARC = YES;
				CLANG_WARN_BOOL_CONVERSION = YES;
				CLANG_WARN_CONSTANT_CONVERSION = YES;
				CLANG_WARN_DIRECT_OBJC_ISA_USAGE = YES_ERROR;
				CLANG_WARN_EMPTY_BODY = YES;
				CLANG_WARN_ENUM_CONVERSION = YES;
				CLANG_WARN_INT_CONVERSION = YES;
				CLANG_WARN_OBJC_ROOT_CLASS = YES_ERROR;
				CLANG_WARN_UNREACHABLE_CODE = YES;
				CLANG_WARN__DUPLICATE_METHOD_MATCH = YES;
				CODE_SIGN_IDENTITY = "iPhone Developer: Emery Clark (9K72C5KYA4)";
				"CODE_SIGN_IDENTITY[sdk=iphoneos*]" = "iPhone Developer";
				COPY_PHASE_STRIP = NO;
				ENABLE_STRICT_OBJC_MSGSEND = YES;
				GCC_C_LANGUAGE_STANDARD = gnu99;
				GCC_DYNAMIC_NO_PIC = NO;
				GCC_OPTIMIZATION_LEVEL = 0;
				GCC_PREPROCESSOR_DEFINITIONS = (
					"DEBUG=1",
					"$(inherited)",
				);
				GCC_SYMBOLS_PRIVATE_EXTERN = NO;
				GCC_WARN_64_TO_32_BIT_CONVERSION = YES;
				GCC_WARN_ABOUT_RETURN_TYPE = YES_ERROR;
				GCC_WARN_UNDECLARED_SELECTOR = YES;
				GCC_WARN_UNINITIALIZED_AUTOS = YES_AGGRESSIVE;
				GCC_WARN_UNUSED_FUNCTION = YES;
				GCC_WARN_UNUSED_VARIABLE = YES;
				INFOPLIST_FILE = KitchenCloud/Info.plist;
				IPHONEOS_DEPLOYMENT_TARGET = 8.0;
				LD_RUNPATH_SEARCH_PATHS = "$(inherited) @executable_path/Frameworks";
				MTL_ENABLE_DEBUG_INFO = YES;
				ONLY_ACTIVE_ARCH = YES;
				PRODUCT_NAME = "$(TARGET_NAME)";
				SDKROOT = iphoneos;
				TARGETED_DEVICE_FAMILY = "1,2";
			};
			name = Debug;
		};
		D22AD91819D52E52006184CF /* Release */ = {
			isa = XCBuildConfiguration;
			buildSettings = {
				ALWAYS_SEARCH_USER_PATHS = NO;
				ASSETCATALOG_COMPILER_APPICON_NAME = AppIcon;
				CLANG_CXX_LANGUAGE_STANDARD = "gnu++0x";
				CLANG_CXX_LIBRARY = "libc++";
				CLANG_ENABLE_MODULES = YES;
				CLANG_ENABLE_OBJC_ARC = YES;
				CLANG_WARN_BOOL_CONVERSION = YES;
				CLANG_WARN_CONSTANT_CONVERSION = YES;
				CLANG_WARN_DIRECT_OBJC_ISA_USAGE = YES_ERROR;
				CLANG_WARN_EMPTY_BODY = YES;
				CLANG_WARN_ENUM_CONVERSION = YES;
				CLANG_WARN_INT_CONVERSION = YES;
				CLANG_WARN_OBJC_ROOT_CLASS = YES_ERROR;
				CLANG_WARN_UNREACHABLE_CODE = YES;
				CLANG_WARN__DUPLICATE_METHOD_MATCH = YES;
				CODE_SIGN_IDENTITY = "iPhone Developer: Emery Clark (9K72C5KYA4)";
				"CODE_SIGN_IDENTITY[sdk=iphoneos*]" = "iPhone Developer";
				COPY_PHASE_STRIP = YES;
				ENABLE_NS_ASSERTIONS = NO;
				ENABLE_STRICT_OBJC_MSGSEND = YES;
				GCC_C_LANGUAGE_STANDARD = gnu99;
				GCC_WARN_64_TO_32_BIT_CONVERSION = YES;
				GCC_WARN_ABOUT_RETURN_TYPE = YES_ERROR;
				GCC_WARN_UNDECLARED_SELECTOR = YES;
				GCC_WARN_UNINITIALIZED_AUTOS = YES_AGGRESSIVE;
				GCC_WARN_UNUSED_FUNCTION = YES;
				GCC_WARN_UNUSED_VARIABLE = YES;
				INFOPLIST_FILE = KitchenCloud/Info.plist;
				IPHONEOS_DEPLOYMENT_TARGET = 8.0;
				LD_RUNPATH_SEARCH_PATHS = "$(inherited) @executable_path/Frameworks";
				MTL_ENABLE_DEBUG_INFO = NO;
				PRODUCT_NAME = "$(TARGET_NAME)";
				SDKROOT = iphoneos;
				TARGETED_DEVICE_FAMILY = "1,2";
				VALIDATE_PRODUCT = YES;
			};
			name = Release;
		};
		D22AD91A19D52E52006184CF /* Debug */ = {
			isa = XCBuildConfiguration;
			buildSettings = {
				ALWAYS_SEARCH_USER_PATHS = NO;
				BUNDLE_LOADER = "$(TEST_HOST)";
				CLANG_CXX_LANGUAGE_STANDARD = "gnu++0x";
				CLANG_CXX_LIBRARY = "libc++";
				CLANG_ENABLE_MODULES = YES;
				CLANG_ENABLE_OBJC_ARC = YES;
				CLANG_WARN_BOOL_CONVERSION = YES;
				CLANG_WARN_CONSTANT_CONVERSION = YES;
				CLANG_WARN_DIRECT_OBJC_ISA_USAGE = YES_ERROR;
				CLANG_WARN_EMPTY_BODY = YES;
				CLANG_WARN_ENUM_CONVERSION = YES;
				CLANG_WARN_INT_CONVERSION = YES;
				CLANG_WARN_OBJC_ROOT_CLASS = YES_ERROR;
				CLANG_WARN_UNREACHABLE_CODE = YES;
				CLANG_WARN__DUPLICATE_METHOD_MATCH = YES;
				CODE_SIGN_IDENTITY = "iPhone Developer";
				"CODE_SIGN_IDENTITY[sdk=iphoneos*]" = "iPhone Developer";
				COPY_PHASE_STRIP = NO;
				ENABLE_STRICT_OBJC_MSGSEND = YES;
				FRAMEWORK_SEARCH_PATHS = (
					"$(SDKROOT)/Developer/Library/Frameworks",
					"$(inherited)",
				);
				GCC_C_LANGUAGE_STANDARD = gnu99;
				GCC_DYNAMIC_NO_PIC = NO;
				GCC_OPTIMIZATION_LEVEL = 0;
				GCC_PREPROCESSOR_DEFINITIONS = (
					"DEBUG=1",
					"$(inherited)",
				);
				GCC_SYMBOLS_PRIVATE_EXTERN = NO;
				GCC_WARN_64_TO_32_BIT_CONVERSION = YES;
				GCC_WARN_ABOUT_RETURN_TYPE = YES_ERROR;
				GCC_WARN_UNDECLARED_SELECTOR = YES;
				GCC_WARN_UNINITIALIZED_AUTOS = YES_AGGRESSIVE;
				GCC_WARN_UNUSED_FUNCTION = YES;
				GCC_WARN_UNUSED_VARIABLE = YES;
				INFOPLIST_FILE = KitchenCloudTests/Info.plist;
				IPHONEOS_DEPLOYMENT_TARGET = 8.0;
				LD_RUNPATH_SEARCH_PATHS = "$(inherited) @executable_path/Frameworks @loader_path/Frameworks";
				MTL_ENABLE_DEBUG_INFO = YES;
				ONLY_ACTIVE_ARCH = YES;
				PRODUCT_NAME = "$(TARGET_NAME)";
				PROVISIONING_PROFILE = "";
				SDKROOT = iphoneos;
				TEST_HOST = "$(BUILT_PRODUCTS_DIR)/KitchenCloud.app/KitchenCloud";
			};
			name = Debug;
		};
		D22AD91B19D52E52006184CF /* Release */ = {
			isa = XCBuildConfiguration;
			buildSettings = {
				ALWAYS_SEARCH_USER_PATHS = NO;
				BUNDLE_LOADER = "$(TEST_HOST)";
				CLANG_CXX_LANGUAGE_STANDARD = "gnu++0x";
				CLANG_CXX_LIBRARY = "libc++";
				CLANG_ENABLE_MODULES = YES;
				CLANG_ENABLE_OBJC_ARC = YES;
				CLANG_WARN_BOOL_CONVERSION = YES;
				CLANG_WARN_CONSTANT_CONVERSION = YES;
				CLANG_WARN_DIRECT_OBJC_ISA_USAGE = YES_ERROR;
				CLANG_WARN_EMPTY_BODY = YES;
				CLANG_WARN_ENUM_CONVERSION = YES;
				CLANG_WARN_INT_CONVERSION = YES;
				CLANG_WARN_OBJC_ROOT_CLASS = YES_ERROR;
				CLANG_WARN_UNREACHABLE_CODE = YES;
				CLANG_WARN__DUPLICATE_METHOD_MATCH = YES;
				CODE_SIGN_IDENTITY = "iPhone Developer";
				"CODE_SIGN_IDENTITY[sdk=iphoneos*]" = "iPhone Developer";
				COPY_PHASE_STRIP = YES;
				ENABLE_NS_ASSERTIONS = NO;
				ENABLE_STRICT_OBJC_MSGSEND = YES;
				FRAMEWORK_SEARCH_PATHS = (
					"$(SDKROOT)/Developer/Library/Frameworks",
					"$(inherited)",
				);
				GCC_C_LANGUAGE_STANDARD = gnu99;
				GCC_WARN_64_TO_32_BIT_CONVERSION = YES;
				GCC_WARN_ABOUT_RETURN_TYPE = YES_ERROR;
				GCC_WARN_UNDECLARED_SELECTOR = YES;
				GCC_WARN_UNINITIALIZED_AUTOS = YES_AGGRESSIVE;
				GCC_WARN_UNUSED_FUNCTION = YES;
				GCC_WARN_UNUSED_VARIABLE = YES;
				INFOPLIST_FILE = KitchenCloudTests/Info.plist;
				IPHONEOS_DEPLOYMENT_TARGET = 8.0;
				LD_RUNPATH_SEARCH_PATHS = "$(inherited) @executable_path/Frameworks @loader_path/Frameworks";
				MTL_ENABLE_DEBUG_INFO = NO;
				PRODUCT_NAME = "$(TARGET_NAME)";
				PROVISIONING_PROFILE = "";
				SDKROOT = iphoneos;
				TEST_HOST = "$(BUILT_PRODUCTS_DIR)/KitchenCloud.app/KitchenCloud";
				VALIDATE_PRODUCT = YES;
			};
			name = Release;
		};
/* End XCBuildConfiguration section */

/* Begin XCConfigurationList section */
		D22AD8EC19D52D9D006184CF /* Build configuration list for PBXProject "KitchenCloud" */ = {
			isa = XCConfigurationList;
			buildConfigurations = (
				D22AD8ED19D52D9D006184CF /* Debug */,
				D22AD8EE19D52D9D006184CF /* Release */,
			);
			defaultConfigurationIsVisible = 0;
			defaultConfigurationName = Release;
		};
		D22AD91619D52E52006184CF /* Build configuration list for PBXNativeTarget "KitchenCloud" */ = {
			isa = XCConfigurationList;
			buildConfigurations = (
				D22AD91719D52E52006184CF /* Debug */,
				D22AD91819D52E52006184CF /* Release */,
			);
			defaultConfigurationIsVisible = 0;
			defaultConfigurationName = Release;
		};
		D22AD91919D52E52006184CF /* Build configuration list for PBXNativeTarget "KitchenCloudTests" */ = {
			isa = XCConfigurationList;
			buildConfigurations = (
				D22AD91A19D52E52006184CF /* Debug */,
				D22AD91B19D52E52006184CF /* Release */,
			);
			defaultConfigurationIsVisible = 0;
			defaultConfigurationName = Release;
		};
/* End XCConfigurationList section */

/* Begin XCVersionGroup section */
		D25AFC9D19D5FE3300847B2B /* KitchenCloud.xcdatamodeld */ = {
			isa = XCVersionGroup;
			children = (
				D25AFC9E19D5FE3300847B2B /* RecipePro.xcdatamodel */,
			);
			currentVersion = D25AFC9E19D5FE3300847B2B /* RecipePro.xcdatamodel */;
			path = KitchenCloud.xcdatamodeld;
			sourceTree = "<group>";
			versionGroupType = wrapper.xcdatamodel;
		};
/* End XCVersionGroup section */
	};
	rootObject = D22AD8E919D52D9D006184CF /* Project object */;
}
